
Microsoft Visual Studio Solution File, Format Version 12.00
# Visual Studio Version 17
VisualStudioVersion = 17.5.002.0
MinimumVisualStudioVersion = 10.0.40219.1
Project("{9A19103F-16F7-4668-BE54-9A1E7A4F7556}") = "FormulaApp.Api", "FormulaApp.Api.csproj", "{AFAABE06-3AAE-4C5A-9262-90172B9B4E4D}"
EndProject
Global
	GlobalSection(SolutionConfigurationPlatforms) = preSolution
		Debug|Any CPU = Debug|Any CPU
		Release|Any CPU = Release|Any CPU
	EndGlobalSection
	GlobalSection(ProjectConfigurationPlatforms) = postSolution
		{AFAABE06-3AAE-4C5A-9262-90172B9B4E4D}.Debug|Any CPU.ActiveCfg = Debug|Any CPU
		{AFAABE06-3AAE-4C5A-9262-90172B9B4E4D}.Debug|Any CPU.Build.0 = Debug|Any CPU
		{AFAABE06-3AAE-4C5A-9262-90172B9B4E4D}.Release|Any CPU.ActiveCfg = Release|Any CPU
		{AFAABE06-3AAE-4C5A-9262-90172B9B4E4D}.Release|Any CPU.Build.0 = Release|Any CPU
	EndGlobalSection
	GlobalSection(SolutionProperties) = preSolution
		HideSolutionNode = FALSE
	EndGlobalSection
	GlobalSection(ExtensibilityGlobals) = postSolution
		SolutionGuid = {44B4919C-7F19-41FE-A877-FDA8C15588E7}
	EndGlobalSection
EndGlobal
